
Microsoft Visual Studio Solution File, Format Version 12.00
# Visual Studio Version 16
VisualStudioVersion = 16.0.31112.23
MinimumVisualStudioVersion = 10.0.40219.1
Project("{FAE04EC0-301F-11D3-BF4B-00C04F79EFBC}") = "SUAspNetCore.Notifier.DemoApps", "SUAspNetCore.Notifier.DemoApps\SUAspNetCore.Notifier.DemoApps.csproj", "{09D822B5-5F79-4B65-93A7-7A7E55BB2614}"
EndProject
Global
	GlobalSection(SolutionConfigurationPlatforms) = preSolution
		Debug|Any CPU = Debug|Any CPU
		Release|Any CPU = Release|Any CPU
	EndGlobalSection
	GlobalSection(ProjectConfigurationPlatforms) = postSolution
		{09D822B5-5F79-4B65-93A7-7A7E55BB2614}.Debug|Any CPU.ActiveCfg = Debug|Any CPU
		{09D822B5-5F79-4B65-93A7-7A7E55BB2614}.Debug|Any CPU.Build.0 = Debug|Any CPU
		{09D822B5-5F79-4B65-93A7-7A7E55BB2614}.Release|Any CPU.ActiveCfg = Release|Any CPU
		{09D822B5-5F79-4B65-93A7-7A7E55BB2614}.Release|Any CPU.Build.0 = Release|Any CPU
	EndGlobalSection
	GlobalSection(SolutionProperties) = preSolution
		HideSolutionNode = FALSE
	EndGlobalSection
	GlobalSection(ExtensibilityGlobals) = postSolution
		SolutionGuid = {6D1AC239-C76B-4CAC-B48C-7CBBA15328D8}
	EndGlobalSection
EndGlobal
